// !$*UTF8*$!
{
	archiveVersion = 1;
	classes = {
	};
	objectVersion = 46;
	objects = {

/* Begin PBXBuildFile section */
		939AF1F51E8CDF9000F42D70 /* AppDelegate.swift in Sources */ = {isa = PBXBuildFile; fileRef = 939AF1F41E8CDF9000F42D70 /* AppDelegate.swift */; };
		939AF1F71E8CDF9000F42D70 /* ViewController.swift in Sources */ = {isa = PBXBuildFile; fileRef = 939AF1F61E8CDF9000F42D70 /* ViewController.swift */; };
		939AF1FA1E8CDF9000F42D70 /* Main.storyboard in Resources */ = {isa = PBXBuildFile; fileRef = 939AF1F81E8CDF9000F42D70 /* Main.storyboard */; };
		939AF1FF1E8CDF9000F42D70 /* Assets.xcassets in Resources */ = {isa = PBXBuildFile; fileRef = 939AF1FE1E8CDF9000F42D70 /* Assets.xcassets */; };
		939AF20D1E8CDF9000F42D70 /* LoadImageTests.swift in Sources */ = {isa = PBXBuildFile; fileRef = 939AF20C1E8CDF9000F42D70 /* LoadImageTests.swift */; };
		939AF2181E8CDF9000F42D70 /* LoadImageUITests.swift in Sources */ = {isa = PBXBuildFile; fileRef = 939AF2171E8CDF9000F42D70 /* LoadImageUITests.swift */; };
		939AF2271E8CE22E00F42D70 /* CustomCell.swift in Sources */ = {isa = PBXBuildFile; fileRef = 939AF2261E8CE22E00F42D70 /* CustomCell.swift */; };
		939AF22F1E8CEE9500F42D70 /* ModalClass.swift in Sources */ = {isa = PBXBuildFile; fileRef = 939AF22E1E8CEE9500F42D70 /* ModalClass.swift */; };
		939AF2311E8CEF0F00F42D70 /* SharedController.swift in Sources */ = {isa = PBXBuildFile; fileRef = 939AF2301E8CEF0F00F42D70 /* SharedController.swift */; };
		939AF2331E8CF36C00F42D70 /* WebServicesClass.swift in Sources */ = {isa = PBXBuildFile; fileRef = 939AF2321E8CF36C00F42D70 /* WebServicesClass.swift */; };
		939AF2381E8CF47000F42D70 /* Helper.swift in Sources */ = {isa = PBXBuildFile; fileRef = 939AF2371E8CF47000F42D70 /* Helper.swift */; };
		939AF23A1E8CF4C700F42D70 /* Constant.swift in Sources */ = {isa = PBXBuildFile; fileRef = 939AF2391E8CF4C700F42D70 /* Constant.swift */; };
		939AF23D1E8D034B00F42D70 /* AsyncLib.swift in Sources */ = {isa = PBXBuildFile; fileRef = 939AF23C1E8D034B00F42D70 /* AsyncLib.swift */; };
		939AF23F1E8D27F900F42D70 /* DataModalClass.swift in Sources */ = {isa = PBXBuildFile; fileRef = 939AF23E1E8D27F900F42D70 /* DataModalClass.swift */; };
		939AF2411E8D31C300F42D70 /* CustomImageView.swift in Sources */ = {isa = PBXBuildFile; fileRef = 939AF2401E8D31C300F42D70 /* CustomImageView.swift */; };
		939AF2441E8D4D7F00F42D70 /* SystemConfiguration.framework in Frameworks */ = {isa = PBXBuildFile; fileRef = 939AF2431E8D4D7F00F42D70 /* SystemConfiguration.framework */; };
		93F601DB1E8E2B6400D49C85 /* Reachability.swift in Sources */ = {isa = PBXBuildFile; fileRef = 93F601DA1E8E2B6400D49C85 /* Reachability.swift */; };
		BB077D9F1E8FB4B900932BCF /* Helper.swift in Sources */ = {isa = PBXBuildFile; fileRef = 939AF2371E8CF47000F42D70 /* Helper.swift */; };
		BB077DA01E8FB4FD00932BCF /* Helper.swift in Sources */ = {isa = PBXBuildFile; fileRef = 939AF2371E8CF47000F42D70 /* Helper.swift */; };
		BB077DA11E8FB62300932BCF /* Reachability.swift in Sources */ = {isa = PBXBuildFile; fileRef = 93F601DA1E8E2B6400D49C85 /* Reachability.swift */; };
		BB077DA21E8FB62400932BCF /* Reachability.swift in Sources */ = {isa = PBXBuildFile; fileRef = 93F601DA1E8E2B6400D49C85 /* Reachability.swift */; };
		BB077DA31E8FB62A00932BCF /* AppDelegate.swift in Sources */ = {isa = PBXBuildFile; fileRef = 939AF1F41E8CDF9000F42D70 /* AppDelegate.swift */; };
		BB077DA41E8FB62D00932BCF /* AppDelegate.swift in Sources */ = {isa = PBXBuildFile; fileRef = 939AF1F41E8CDF9000F42D70 /* AppDelegate.swift */; };
/* End PBXBuildFile section */

/* Begin PBXContainerItemProxy section */
		939AF2091E8CDF9000F42D70 /* PBXContainerItemProxy */ = {
			isa = PBXContainerItemProxy;
			containerPortal = 939AF1E91E8CDF9000F42D70 /* Project object */;
			proxyType = 1;
			remoteGlobalIDString = 939AF1F01E8CDF9000F42D70;
			remoteInfo = LoadImage;
		};
		939AF2141E8CDF9000F42D70 /* PBXContainerItemProxy */ = {
			isa = PBXContainerItemProxy;
			containerPortal = 939AF1E91E8CDF9000F42D70 /* Project object */;
			proxyType = 1;
			remoteGlobalIDString = 939AF1F01E8CDF9000F42D70;
			remoteInfo = LoadImage;
		};
/* End PBXContainerItemProxy section */

/* Begin PBXFileReference section */
		939AF1F11E8CDF9000F42D70 /* LoadImage.app */ = {isa = PBXFileReference; explicitFileType = wrapper.application; includeInIndex = 0; path = LoadImage.app; sourceTree = BUILT_PRODUCTS_DIR; };
		939AF1F41E8CDF9000F42D70 /* AppDelegate.swift */ = {isa = PBXFileReference; lastKnownFileType = sourcecode.swift; path = AppDelegate.swift; sourceTree = "<group>"; };
		939AF1F61E8CDF9000F42D70 /* ViewController.swift */ = {isa = PBXFileReference; lastKnownFileType = sourcecode.swift; path = ViewController.swift; sourceTree = "<group>"; };
		939AF1F91E8CDF9000F42D70 /* Base */ = {isa = PBXFileReference; lastKnownFileType = file.storyboard; name = Base; path = Base.lproj/Main.storyboard; sourceTree = "<group>"; };
		939AF1FE1E8CDF9000F42D70 /* Assets.xcassets */ = {isa = PBXFileReference; lastKnownFileType = folder.assetcatalog; path = Assets.xcassets; sourceTree = "<group>"; };
		939AF2031E8CDF9000F42D70 /* Info.plist */ = {isa = PBXFileReference; lastKnownFileType = text.plist.xml; path = Info.plist; sourceTree = "<group>"; };
		939AF2081E8CDF9000F42D70 /* LoadImageTests.xctest */ = {isa = PBXFileReference; explicitFileType = wrapper.cfbundle; includeInIndex = 0; path = LoadImageTests.xctest; sourceTree = BUILT_PRODUCTS_DIR; };
		939AF20C1E8CDF9000F42D70 /* LoadImageTests.swift */ = {isa = PBXFileReference; lastKnownFileType = sourcecode.swift; path = LoadImageTests.swift; sourceTree = "<group>"; };
		939AF20E1E8CDF9000F42D70 /* Info.plist */ = {isa = PBXFileReference; lastKnownFileType = text.plist.xml; path = Info.plist; sourceTree = "<group>"; };
		939AF2131E8CDF9000F42D70 /* LoadImageUITests.xctest */ = {isa = PBXFileReference; explicitFileType = wrapper.cfbundle; includeInIndex = 0; path = LoadImageUITests.xctest; sourceTree = BUILT_PRODUCTS_DIR; };
		939AF2171E8CDF9000F42D70 /* LoadImageUITests.swift */ = {isa = PBXFileReference; lastKnownFileType = sourcecode.swift; path = LoadImageUITests.swift; sourceTree = "<group>"; };
		939AF2191E8CDF9000F42D70 /* Info.plist */ = {isa = PBXFileReference; lastKnownFileType = text.plist.xml; path = Info.plist; sourceTree = "<group>"; };
		939AF2261E8CE22E00F42D70 /* CustomCell.swift */ = {isa = PBXFileReference; fileEncoding = 4; lastKnownFileType = sourcecode.swift; path = CustomCell.swift; sourceTree = "<group>"; };
		939AF22E1E8CEE9500F42D70 /* ModalClass.swift */ = {isa = PBXFileReference; fileEncoding = 4; lastKnownFileType = sourcecode.swift; path = ModalClass.swift; sourceTree = "<group>"; };
		939AF2301E8CEF0F00F42D70 /* SharedController.swift */ = {isa = PBXFileReference; fileEncoding = 4; lastKnownFileType = sourcecode.swift; name = SharedController.swift; path = ../ModalClass/SharedController.swift; sourceTree = "<group>"; };
		939AF2321E8CF36C00F42D70 /* WebServicesClass.swift */ = {isa = PBXFileReference; fileEncoding = 4; lastKnownFileType = sourcecode.swift; name = WebServicesClass.swift; path = ../ModalClass/WebServicesClass.swift; sourceTree = "<group>"; };
		939AF2371E8CF47000F42D70 /* Helper.swift */ = {isa = PBXFileReference; fileEncoding = 4; lastKnownFileType = sourcecode.swift; path = Helper.swift; sourceTree = "<group>"; };
		939AF2391E8CF4C700F42D70 /* Constant.swift */ = {isa = PBXFileReference; fileEncoding = 4; lastKnownFileType = sourcecode.swift; path = Constant.swift; sourceTree = "<group>"; };
		939AF23C1E8D034B00F42D70 /* AsyncLib.swift */ = {isa = PBXFileReference; fileEncoding = 4; lastKnownFileType = sourcecode.swift; path = AsyncLib.swift; sourceTree = "<group>"; };
		939AF23E1E8D27F900F42D70 /* DataModalClass.swift */ = {isa = PBXFileReference; fileEncoding = 4; lastKnownFileType = sourcecode.swift; path = DataModalClass.swift; sourceTree = "<group>"; };
		939AF2401E8D31C300F42D70 /* CustomImageView.swift */ = {isa = PBXFileReference; fileEncoding = 4; lastKnownFileType = sourcecode.swift; path = CustomImageView.swift; sourceTree = "<group>"; };
		939AF2431E8D4D7F00F42D70 /* SystemConfiguration.framework */ = {isa = PBXFileReference; lastKnownFileType = wrapper.framework; name = SystemConfiguration.framework; path = System/Library/Frameworks/SystemConfiguration.framework; sourceTree = SDKROOT; };
		93F601DA1E8E2B6400D49C85 /* Reachability.swift */ = {isa = PBXFileReference; fileEncoding = 4; lastKnownFileType = sourcecode.swift; path = Reachability.swift; sourceTree = "<group>"; };
/* End PBXFileReference section */

/* Begin PBXFrameworksBuildPhase section */
		939AF1EE1E8CDF9000F42D70 /* Frameworks */ = {
			isa = PBXFrameworksBuildPhase;
			buildActionMask = 2147483647;
			files = (
				939AF2441E8D4D7F00F42D70 /* SystemConfiguration.framework in Frameworks */,
			);
			runOnlyForDeploymentPostprocessing = 0;
		};
		939AF2051E8CDF9000F42D70 /* Frameworks */ = {
			isa = PBXFrameworksBuildPhase;
			buildActionMask = 2147483647;
			files = (
			);
			runOnlyForDeploymentPostprocessing = 0;
		};
		939AF2101E8CDF9000F42D70 /* Frameworks */ = {
			isa = PBXFrameworksBuildPhase;
			buildActionMask = 2147483647;
			files = (
			);
			runOnlyForDeploymentPostprocessing = 0;
		};
/* End PBXFrameworksBuildPhase section */

/* Begin PBXGroup section */
		939AF1E81E8CDF9000F42D70 = {
			isa = PBXGroup;
			children = (
				939AF1F31E8CDF9000F42D70 /* LoadImage */,
				939AF20B1E8CDF9000F42D70 /* LoadImageTests */,
				939AF2161E8CDF9000F42D70 /* LoadImageUITests */,
				939AF1F21E8CDF9000F42D70 /* Products */,
				939AF2421E8D4D7F00F42D70 /* Frameworks */,
			);
			sourceTree = "<group>";
		};
		939AF1F21E8CDF9000F42D70 /* Products */ = {
			isa = PBXGroup;
			children = (
				939AF1F11E8CDF9000F42D70 /* LoadImage.app */,
				939AF2081E8CDF9000F42D70 /* LoadImageTests.xctest */,
				939AF2131E8CDF9000F42D70 /* LoadImageUITests.xctest */,
			);
			name = Products;
			sourceTree = "<group>";
		};
		939AF1F31E8CDF9000F42D70 /* LoadImage */ = {
			isa = PBXGroup;
			children = (
				939AF23B1E8D033700F42D70 /* AsyncLibrary */,
				939AF2341E8CF3F800F42D70 /* SupportingFiles */,
				939AF22D1E8CEE9500F42D70 /* ModalClass */,
				939AF2251E8CE1ED00F42D70 /* CollectionViewCell */,
				939AF1F41E8CDF9000F42D70 /* AppDelegate.swift */,
				939AF1F61E8CDF9000F42D70 /* ViewController.swift */,
				939AF1F81E8CDF9000F42D70 /* Main.storyboard */,
				939AF1FE1E8CDF9000F42D70 /* Assets.xcassets */,
				939AF2031E8CDF9000F42D70 /* Info.plist */,
			);
			path = LoadImage;
			sourceTree = "<group>";
		};
		939AF20B1E8CDF9000F42D70 /* LoadImageTests */ = {
			isa = PBXGroup;
			children = (
				939AF20C1E8CDF9000F42D70 /* LoadImageTests.swift */,
				939AF20E1E8CDF9000F42D70 /* Info.plist */,
			);
			path = LoadImageTests;
			sourceTree = "<group>";
		};
		939AF2161E8CDF9000F42D70 /* LoadImageUITests */ = {
			isa = PBXGroup;
			children = (
				939AF2171E8CDF9000F42D70 /* LoadImageUITests.swift */,
				939AF2191E8CDF9000F42D70 /* Info.plist */,
			);
			path = LoadImageUITests;
			sourceTree = "<group>";
		};
		939AF2251E8CE1ED00F42D70 /* CollectionViewCell */ = {
			isa = PBXGroup;
			children = (
				939AF2261E8CE22E00F42D70 /* CustomCell.swift */,
			);
			path = CollectionViewCell;
			sourceTree = "<group>";
		};
		939AF22D1E8CEE9500F42D70 /* ModalClass */ = {
			isa = PBXGroup;
			children = (
				939AF23E1E8D27F900F42D70 /* DataModalClass.swift */,
				939AF22E1E8CEE9500F42D70 /* ModalClass.swift */,
			);
			path = ModalClass;
			sourceTree = "<group>";
		};
		939AF2341E8CF3F800F42D70 /* SupportingFiles */ = {
			isa = PBXGroup;
			children = (
				93F601DA1E8E2B6400D49C85 /* Reachability.swift */,
				939AF2391E8CF4C700F42D70 /* Constant.swift */,
				939AF2321E8CF36C00F42D70 /* WebServicesClass.swift */,
				939AF2301E8CEF0F00F42D70 /* SharedController.swift */,
				939AF2371E8CF47000F42D70 /* Helper.swift */,
				939AF2401E8D31C300F42D70 /* CustomImageView.swift */,
			);
			path = SupportingFiles;
			sourceTree = "<group>";
		};
		939AF23B1E8D033700F42D70 /* AsyncLibrary */ = {
			isa = PBXGroup;
			children = (
				939AF23C1E8D034B00F42D70 /* AsyncLib.swift */,
			);
			path = AsyncLibrary;
			sourceTree = "<group>";
		};
		939AF2421E8D4D7F00F42D70 /* Frameworks */ = {
			isa = PBXGroup;
			children = (
				939AF2431E8D4D7F00F42D70 /* SystemConfiguration.framework */,
			);
			name = Frameworks;
			sourceTree = "<group>";
		};
/* End PBXGroup section */

/* Begin PBXNativeTarget section */
		939AF1F01E8CDF9000F42D70 /* LoadImage */ = {
			isa = PBXNativeTarget;
			buildConfigurationList = 939AF21C1E8CDF9000F42D70 /* Build configuration list for PBXNativeTarget "LoadImage" */;
			buildPhases = (
				939AF1ED1E8CDF9000F42D70 /* Sources */,
				939AF1EE1E8CDF9000F42D70 /* Frameworks */,
				939AF1EF1E8CDF9000F42D70 /* Resources */,
			);
			buildRules = (
			);
			dependencies = (
			);
			name = LoadImage;
			productName = LoadImage;
			productReference = 939AF1F11E8CDF9000F42D70 /* LoadImage.app */;
			productType = "com.apple.product-type.application";
		};
		939AF2071E8CDF9000F42D70 /* LoadImageTests */ = {
			isa = PBXNativeTarget;
			buildConfigurationList = 939AF21F1E8CDF9000F42D70 /* Build configuration list for PBXNativeTarget "LoadImageTests" */;
			buildPhases = (
				939AF2041E8CDF9000F42D70 /* Sources */,
				939AF2051E8CDF9000F42D70 /* Frameworks */,
				939AF2061E8CDF9000F42D70 /* Resources */,
			);
			buildRules = (
			);
			dependencies = (
				939AF20A1E8CDF9000F42D70 /* PBXTargetDependency */,
			);
			name = LoadImageTests;
			productName = LoadImageTests;
			productReference = 939AF2081E8CDF9000F42D70 /* LoadImageTests.xctest */;
			productType = "com.apple.product-type.bundle.unit-test";
		};
		939AF2121E8CDF9000F42D70 /* LoadImageUITests */ = {
			isa = PBXNativeTarget;
			buildConfigurationList = 939AF2221E8CDF9000F42D70 /* Build configuration list for PBXNativeTarget "LoadImageUITests" */;
			buildPhases = (
				939AF20F1E8CDF9000F42D70 /* Sources */,
				939AF2101E8CDF9000F42D70 /* Frameworks */,
				939AF2111E8CDF9000F42D70 /* Resources */,
			);
			buildRules = (
			);
			dependencies = (
				939AF2151E8CDF9000F42D70 /* PBXTargetDependency */,
			);
			name = LoadImageUITests;
			productName = LoadImageUITests;
			productReference = 939AF2131E8CDF9000F42D70 /* LoadImageUITests.xctest */;
			productType = "com.apple.product-type.bundle.ui-testing";
		};
/* End PBXNativeTarget section */

/* Begin PBXProject section */
		939AF1E91E8CDF9000F42D70 /* Project object */ = {
			isa = PBXProject;
			attributes = {
				LastSwiftUpdateCheck = 0820;
				LastUpgradeCheck = 0820;
				ORGANIZATIONNAME = Silicon;
				TargetAttributes = {
					939AF1F01E8CDF9000F42D70 = {
						CreatedOnToolsVersion = 8.2.1;
						DevelopmentTeam = 99T4384U3M;
						LastSwiftMigration = 0820;
						ProvisioningStyle = Automatic;
					};
					939AF2071E8CDF9000F42D70 = {
						CreatedOnToolsVersion = 8.2.1;
						ProvisioningStyle = Automatic;
						TestTargetID = 939AF1F01E8CDF9000F42D70;
					};
					939AF2121E8CDF9000F42D70 = {
						CreatedOnToolsVersion = 8.2.1;
						ProvisioningStyle = Automatic;
						TestTargetID = 939AF1F01E8CDF9000F42D70;
					};
				};
			};
			buildConfigurationList = 939AF1EC1E8CDF9000F42D70 /* Build configuration list for PBXProject "LoadImage" */;
			compatibilityVersion = "Xcode 3.2";
			developmentRegion = English;
			hasScannedForEncodings = 0;
			knownRegions = (
				en,
				Base,
			);
			mainGroup = 939AF1E81E8CDF9000F42D70;
			productRefGroup = 939AF1F21E8CDF9000F42D70 /* Products */;
			projectDirPath = "";
			projectRoot = "";
			targets = (
				939AF1F01E8CDF9000F42D70 /* LoadImage */,
				939AF2071E8CDF9000F42D70 /* LoadImageTests */,
				939AF2121E8CDF9000F42D70 /* LoadImageUITests */,
			);
		};
/* End PBXProject section */

/* Begin PBXResourcesBuildPhase section */
		939AF1EF1E8CDF9000F42D70 /* Resources */ = {
			isa = PBXResourcesBuildPhase;
			buildActionMask = 2147483647;
			files = (
				939AF1FF1E8CDF9000F42D70 /* Assets.xcassets in Resources */,
				939AF1FA1E8CDF9000F42D70 /* Main.storyboard in Resources */,
			);
			runOnlyForDeploymentPostprocessing = 0;
		};
		939AF2061E8CDF9000F42D70 /* Resources */ = {
			isa = PBXResourcesBuildPhase;
			buildActionMask = 2147483647;
			files = (
			);
			runOnlyForDeploymentPostprocessing = 0;
		};
		939AF2111E8CDF9000F42D70 /* Resources */ = {
			isa = PBXResourcesBuildPhase;
			buildActionMask = 2147483647;
			files = (
			);
			runOnlyForDeploymentPostprocessing = 0;
		};
/* End PBXResourcesBuildPhase section */

/* Begin PBXSourcesBuildPhase section */
		939AF1ED1E8CDF9000F42D70 /* Sources */ = {
			isa = PBXSourcesBuildPhase;
			buildActionMask = 2147483647;
			files = (
				93F601DB1E8E2B6400D49C85 /* Reachability.swift in Sources */,
				939AF1F71E8CDF9000F42D70 /* ViewController.swift in Sources */,
				939AF2311E8CEF0F00F42D70 /* SharedController.swift in Sources */,
				939AF2271E8CE22E00F42D70 /* CustomCell.swift in Sources */,
				939AF1F51E8CDF9000F42D70 /* AppDelegate.swift in Sources */,
				939AF2381E8CF47000F42D70 /* Helper.swift in Sources */,
				939AF2331E8CF36C00F42D70 /* WebServicesClass.swift in Sources */,
				939AF23A1E8CF4C700F42D70 /* Constant.swift in Sources */,
				939AF23F1E8D27F900F42D70 /* DataModalClass.swift in Sources */,
				939AF22F1E8CEE9500F42D70 /* ModalClass.swift in Sources */,
				939AF23D1E8D034B00F42D70 /* AsyncLib.swift in Sources */,
				939AF2411E8D31C300F42D70 /* CustomImageView.swift in Sources */,
			);
			runOnlyForDeploymentPostprocessing = 0;
		};
		939AF2041E8CDF9000F42D70 /* Sources */ = {
			isa = PBXSourcesBuildPhase;
			buildActionMask = 2147483647;
			files = (
				BB077DA41E8FB62D00932BCF /* AppDelegate.swift in Sources */,
				939AF20D1E8CDF9000F42D70 /* LoadImageTests.swift in Sources */,
				BB077D9F1E8FB4B900932BCF /* Helper.swift in Sources */,
				BB077DA11E8FB62300932BCF /* Reachability.swift in Sources */,
			);
			runOnlyForDeploymentPostprocessing = 0;
		};
		939AF20F1E8CDF9000F42D70 /* Sources */ = {
			isa = PBXSourcesBuildPhase;
			buildActionMask = 2147483647;
			files = (
				BB077DA31E8FB62A00932BCF /* AppDelegate.swift in Sources */,
				939AF2181E8CDF9000F42D70 /* LoadImageUITests.swift in Sources */,
				BB077DA01E8FB4FD00932BCF /* Helper.swift in Sources */,
				BB077DA21E8FB62400932BCF /* Reachability.swift in Sources */,
			);
			runOnlyForDeploymentPostprocessing = 0;
		};
/* End PBXSourcesBuildPhase section */

/* Begin PBXTargetDependency section */
		939AF20A1E8CDF9000F42D70 /* PBXTargetDependency */ = {
			isa = PBXTargetDependency;
			target = 939AF1F01E8CDF9000F42D70 /* LoadImage */;
			targetProxy = 939AF2091E8CDF9000F42D70 /* PBXContainerItemProxy */;
		};
		939AF2151E8CDF9000F42D70 /* PBXTargetDependency */ = {
			isa = PBXTargetDependency;
			target = 939AF1F01E8CDF9000F42D70 /* LoadImage */;
			targetProxy = 939AF2141E8CDF9000F42D70 /* PBXContainerItemProxy */;
		};
/* End PBXTargetDependency section */

/* Begin PBXVariantGroup section */
		939AF1F81E8CDF9000F42D70 /* Main.storyboard */ = {
			isa = PBXVariantGroup;
			children = (
				939AF1F91E8CDF9000F42D70 /* Base */,
			);
			name = Main.storyboard;
			sourceTree = "<group>";
		};
/* End PBXVariantGroup section */

/* Begin XCBuildConfiguration section */
		939AF21A1E8CDF9000F42D70 /* Debug */ = {
			isa = XCBuildConfiguration;
			buildSettings = {
				ALWAYS_SEARCH_USER_PATHS = NO;
				CLANG_ANALYZER_NONNULL = YES;
				CLANG_CXX_LANGUAGE_STANDARD = "gnu++0x";
				CLANG_CXX_LIBRARY = "libc++";
				CLANG_ENABLE_MODULES = YES;
				CLANG_ENABLE_OBJC_ARC = YES;
				CLANG_WARN_BOOL_CONVERSION = YES;
				CLANG_WARN_CONSTANT_CONVERSION = YES;
				CLANG_WARN_DIRECT_OBJC_ISA_USAGE = YES_ERROR;
				CLANG_WARN_DOCUMENTATION_COMMENTS = YES;
				CLANG_WARN_EMPTY_BODY = YES;
				CLANG_WARN_ENUM_CONVERSION = YES;
				CLANG_WARN_INFINITE_RECURSION = YES;
				CLANG_WARN_INT_CONVERSION = YES;
				CLANG_WARN_OBJC_ROOT_CLASS = YES_ERROR;
				CLANG_WARN_SUSPICIOUS_MOVE = YES;
				CLANG_WARN_UNREACHABLE_CODE = YES;
				CLANG_WARN__DUPLICATE_METHOD_MATCH = YES;
				"CODE_SIGN_IDENTITY[sdk=iphoneos*]" = "iPhone Developer";
				COPY_PHASE_STRIP = NO;
				DEBUG_INFORMATION_FORMAT = dwarf;
				ENABLE_STRICT_OBJC_MSGSEND = YES;
				ENABLE_TESTABILITY = YES;
				GCC_C_LANGUAGE_STANDARD = gnu99;
				GCC_DYNAMIC_NO_PIC = NO;
				GCC_NO_COMMON_BLOCKS = YES;
				GCC_OPTIMIZATION_LEVEL = 0;
				GCC_PREPROCESSOR_DEFINITIONS = (
					"DEBUG=1",
					"$(inherited)",
				);
				GCC_WARN_64_TO_32_BIT_CONVERSION = YES;
				GCC_WARN_ABOUT_RETURN_TYPE = YES_ERROR;
				GCC_WARN_UNDECLARED_SELECTOR = YES;
				GCC_WARN_UNINITIALIZED_AUTOS = YES_AGGRESSIVE;
				GCC_WARN_UNUSED_FUNCTION = YES;
				GCC_WARN_UNUSED_VARIABLE = YES;
				IPHONEOS_DEPLOYMENT_TARGET = 10.2;
				MTL_ENABLE_DEBUG_INFO = YES;
				ONLY_ACTIVE_ARCH = YES;
				SDKROOT = iphoneos;
				SWIFT_ACTIVE_COMPILATION_CONDITIONS = DEBUG;
				SWIFT_OPTIMIZATION_LEVEL = "-Onone";
			};
			name = Debug;
		};
		939AF21B1E8CDF9000F42D70 /* Release */ = {
			isa = XCBuildConfiguration;
			buildSettings = {
				ALWAYS_SEARCH_USER_PATHS = NO;
				CLANG_ANALYZER_NONNULL = YES;
				CLANG_CXX_LANGUAGE_STANDARD = "gnu++0x";
				CLANG_CXX_LIBRARY = "libc++";
				CLANG_ENABLE_MODULES = YES;
				CLANG_ENABLE_OBJC_ARC = YES;
				CLANG_WARN_BOOL_CONVERSION = YES;
				CLANG_WARN_CONSTANT_CONVERSION = YES;
				CLANG_WARN_DIRECT_OBJC_ISA_USAGE = YES_ERROR;
				CLANG_WARN_DOCUMENTATION_COMMENTS = YES;
				CLANG_WARN_EMPTY_BODY = YES;
				CLANG_WARN_ENUM_CONVERSION = YES;
				CLANG_WARN_INFINITE_RECURSION = YES;
				CLANG_WARN_INT_CONVERSION = YES;
				CLANG_WARN_OBJC_ROOT_CLASS = YES_ERROR;
				CLANG_WARN_SUSPICIOUS_MOVE = YES;
				CLANG_WARN_UNREACHABLE_CODE = YES;
				CLANG_WARN__DUPLICATE_METHOD_MATCH = YES;
				"CODE_SIGN_IDENTITY[sdk=iphoneos*]" = "iPhone Developer";
				COPY_PHASE_STRIP = NO;
				DEBUG_INFORMATION_FORMAT = "dwarf-with-dsym";
				ENABLE_NS_ASSERTIONS = NO;
				ENABLE_STRICT_OBJC_MSGSEND = YES;
				GCC_C_LANGUAGE_STANDARD = gnu99;
				GCC_NO_COMMON_BLOCKS = YES;
				GCC_WARN_64_TO_32_BIT_CONVERSION = YES;
				GCC_WARN_ABOUT_RETURN_TYPE = YES_ERROR;
				GCC_WARN_UNDECLARED_SELECTOR = YES;
				GCC_WARN_UNINITIALIZED_AUTOS = YES_AGGRESSIVE;
				GCC_WARN_UNUSED_FUNCTION = YES;
				GCC_WARN_UNUSED_VARIABLE = YES;
				IPHONEOS_DEPLOYMENT_TARGET = 10.2;
				MTL_ENABLE_DEBUG_INFO = NO;
				SDKROOT = iphoneos;
				SWIFT_OPTIMIZATION_LEVEL = "-Owholemodule";
				VALIDATE_PRODUCT = YES;
			};
			name = Release;
		};
		939AF21D1E8CDF9000F42D70 /* Debug */ = {
			isa = XCBuildConfiguration;
			buildSettings = {
				ASSETCATALOG_COMPILER_APPICON_NAME = AppIcon;
				CLANG_ENABLE_MODULES = YES;
				DEVELOPMENT_TEAM = 99T4384U3M;
				INFOPLIST_FILE = LoadImage/Info.plist;
				IPHONEOS_DEPLOYMENT_TARGET = 9.0;
				LD_RUNPATH_SEARCH_PATHS = "$(inherited) @executable_path/Frameworks";
				PRODUCT_BUNDLE_IDENTIFIER = com.silicon.Dialer.LoadImage;
				PRODUCT_NAME = "$(TARGET_NAME)";
				SWIFT_OPTIMIZATION_LEVEL = "-Onone";
				SWIFT_VERSION = 3.0;
			};
			name = Debug;
		};
		939AF21E1E8CDF9000F42D70 /* Release */ = {
			isa = XCBuildConfiguration;
			buildSettings = {
				ASSETCATALOG_COMPILER_APPICON_NAME = AppIcon;
				CLANG_ENABLE_MODULES = YES;
				DEVELOPMENT_TEAM = 99T4384U3M;
				INFOPLIST_FILE = LoadImage/Info.plist;
				IPHONEOS_DEPLOYMENT_TARGET = 9.0;
				LD_RUNPATH_SEARCH_PATHS = "$(inherited) @executable_path/Frameworks";
				PRODUCT_BUNDLE_IDENTIFIER = com.silicon.Dialer.LoadImage;
				PRODUCT_NAME = "$(TARGET_NAME)";
				SWIFT_VERSION = 3.0;
			};
			name = Release;
		};
		939AF2201E8CDF9000F42D70 /* Debug */ = {
			isa = XCBuildConfiguration;
			buildSettings = {
				ALWAYS_EMBED_SWIFT_STANDARD_LIBRARIES = YES;
				BUNDLE_LOADER = "$(TEST_HOST)";
				INFOPLIST_FILE = LoadImageTests/Info.plist;
				LD_RUNPATH_SEARCH_PATHS = "$(inherited) @executable_path/Frameworks @loader_path/Frameworks";
				PRODUCT_BUNDLE_IDENTIFIER = com.silicon.Dialer.LoadImageTests;
				PRODUCT_NAME = "$(TARGET_NAME)";
				SWIFT_VERSION = 3.0;
				TEST_HOST = "$(BUILT_PRODUCTS_DIR)/LoadImage.app/LoadImage";
			};
			name = Debug;
		};
		939AF2211E8CDF9000F42D70 /* Release */ = {
			isa = XCBuildConfiguration;
			buildSettings = {
				ALWAYS_EMBED_SWIFT_STANDARD_LIBRARIES = YES;
				BUNDLE_LOADER = "$(TEST_HOST)";
				INFOPLIST_FILE = LoadImageTests/Info.plist;
				LD_RUNPATH_SEARCH_PATHS = "$(inherited) @executable_path/Frameworks @loader_path/Frameworks";
				PRODUCT_BUNDLE_IDENTIFIER = com.silicon.Dialer.LoadImageTests;
				PRODUCT_NAME = "$(TARGET_NAME)";
				SWIFT_VERSION = 3.0;
				TEST_HOST = "$(BUILT_PRODUCTS_DIR)/LoadImage.app/LoadImage";
			};
			name = Release;
		};
		939AF2231E8CDF9000F42D70 /* Debug */ = {
			isa = XCBuildConfiguration;
			buildSettings = {
				ALWAYS_EMBED_SWIFT_STANDARD_LIBRARIES = YES;
				INFOPLIST_FILE = LoadImageUITests/Info.plist;
				LD_RUNPATH_SEARCH_PATHS = "$(inherited) @executable_path/Frameworks @loader_path/Frameworks";
				PRODUCT_BUNDLE_IDENTIFIER = com.silicon.Dialer.LoadImageUITests;
				PRODUCT_NAME = "$(TARGET_NAME)";
				SWIFT_VERSION = 3.0;
				TEST_TARGET_NAME = LoadImage;
			};
			name = Debug;
		};
		939AF2241E8CDF9000F42D70 /* Release */ = {
			isa = XCBuildConfiguration;
			buildSettings = {
				ALWAYS_EMBED_SWIFT_STANDARD_LIBRARIES = YES;
				INFOPLIST_FILE = LoadImageUITests/Info.plist;
				LD_RUNPATH_SEARCH_PATHS = "$(inherited) @executable_path/Frameworks @loader_path/Frameworks";
				PRODUCT_BUNDLE_IDENTIFIER = com.silicon.Dialer.LoadImageUITests;
				PRODUCT_NAME = "$(TARGET_NAME)";
				SWIFT_VERSION = 3.0;
				TEST_TARGET_NAME = LoadImage;
			};
			name = Release;
		};
/* End XCBuildConfiguration section */

/* Begin XCConfigurationList section */
		939AF1EC1E8CDF9000F42D70 /* Build configuration list for PBXProject "LoadImage" */ = {
			isa = XCConfigurationList;
			buildConfigurations = (
				939AF21A1E8CDF9000F42D70 /* Debug */,
				939AF21B1E8CDF9000F42D70 /* Release */,
			);
			defaultConfigurationIsVisible = 0;
			defaultConfigurationName = Release;
		};
		939AF21C1E8CDF9000F42D70 /* Build configuration list for PBXNativeTarget "LoadImage" */ = {
			isa = XCConfigurationList;
			buildConfigurations = (
				939AF21D1E8CDF9000F42D70 /* Debug */,
				939AF21E1E8CDF9000F42D70 /* Release */,
			);
			defaultConfigurationIsVisible = 0;
			defaultConfigurationName = Release;
		};
		939AF21F1E8CDF9000F42D70 /* Build configuration list for PBXNativeTarget "LoadImageTests" */ = {
			isa = XCConfigurationList;
			buildConfigurations = (
				939AF2201E8CDF9000F42D70 /* Debug */,
				939AF2211E8CDF9000F42D70 /* Release */,
			);
			defaultConfigurationIsVisible = 0;
			defaultConfigurationName = Release;
		};
		939AF2221E8CDF9000F42D70 /* Build configuration list for PBXNativeTarget "LoadImageUITests" */ = {
			isa = XCConfigurationList;
			buildConfigurations = (
				939AF2231E8CDF9000F42D70 /* Debug */,
				939AF2241E8CDF9000F42D70 /* Release */,
			);
			defaultConfigurationIsVisible = 0;
			defaultConfigurationName = Release;
		};
/* End XCConfigurationList section */
	};
	rootObject = 939AF1E91E8CDF9000F42D70 /* Project object */;
}
